
Microsoft Visual Studio Solution File, Format Version 12.00
# Visual Studio 15
VisualStudioVersion = 15.0.27703.2042
MinimumVisualStudioVersion = 10.0.40219.1
Project("{FAE04EC0-301F-11D3-BF4B-00C04F79EFBC}") = "StdioMQTT", "StdioMQTT\StdioMQTT.csproj", "{D5373DEA-4615-4191-88C1-ED1083ABF075}"
EndProject
Global
	GlobalSection(SolutionConfigurationPlatforms) = preSolution
		Debug|Any CPU = Debug|Any CPU
		Release|Any CPU = Release|Any CPU
	EndGlobalSection
	GlobalSection(ProjectConfigurationPlatforms) = postSolution
		{D5373DEA-4615-4191-88C1-ED1083ABF075}.Debug|Any CPU.ActiveCfg = Debug|Any CPU
		{D5373DEA-4615-4191-88C1-ED1083ABF075}.Debug|Any CPU.Build.0 = Debug|Any CPU
		{D5373DEA-4615-4191-88C1-ED1083ABF075}.Release|Any CPU.ActiveCfg = Release|Any CPU
		{D5373DEA-4615-4191-88C1-ED1083ABF075}.Release|Any CPU.Build.0 = Release|Any CPU
	EndGlobalSection
	GlobalSection(SolutionProperties) = preSolution
		HideSolutionNode = FALSE
	EndGlobalSection
	GlobalSection(ExtensibilityGlobals) = postSolution
		SolutionGuid = {20E77A0F-87E5-4F9A-8FD7-806C6CCE5C39}
	EndGlobalSection
EndGlobal
